{
  "name": "victorchekhovoy.github.io",
  "version": "1.0.0",
  "lockfileVersion": 1,
  "requires": true,
  "dependencies": {
    "capture-video-frame": {
      "version": "1.0.0",
      "resolved": "https://registry.npmjs.org/capture-video-frame/-/capture-video-frame-1.0.0.tgz",
      "integrity": "sha512-7YVlaShC63TfEOiOvnxsHr4zCDYnJDOWJGK8QTaYRMttogNe34j78sBzHoEFxanLoB2RMv60tsKTJD+HsCDKig=="
    }
  }
}
